// !$*UTF8*$!
{
	archiveVersion = 1;
	classes = {
	};
	objectVersion = 46;
	objects = {

/* Begin PBXBuildFile section */
		8C7E7EC8193C719000D13743 /* Foundation.framework in Frameworks */ = {isa = PBXBuildFile; fileRef = 8C7E7EC7193C719000D13743 /* Foundation.framework */; };
		8C7E7ECA193C719000D13743 /* CoreGraphics.framework in Frameworks */ = {isa = PBXBuildFile; fileRef = 8C7E7EC9193C719000D13743 /* CoreGraphics.framework */; };
		8C7E7ECC193C719000D13743 /* UIKit.framework in Frameworks */ = {isa = PBXBuildFile; fileRef = 8C7E7ECB193C719000D13743 /* UIKit.framework */; };
		8C7E7ED2193C719000D13743 /* InfoPlist.strings in Resources */ = {isa = PBXBuildFile; fileRef = 8C7E7ED0193C719000D13743 /* InfoPlist.strings */; };
		8C7E7ED4193C719000D13743 /* main.m in Sources */ = {isa = PBXBuildFile; fileRef = 8C7E7ED3193C719000D13743 /* main.m */; };
		8C7E7ED8193C719000D13743 /* AppDelegate.m in Sources */ = {isa = PBXBuildFile; fileRef = 8C7E7ED7193C719000D13743 /* AppDelegate.m */; };
		8C7E7EDB193C719000D13743 /* Main.storyboard in Resources */ = {isa = PBXBuildFile; fileRef = 8C7E7ED9193C719000D13743 /* Main.storyboard */; };
		8C7E7EDE193C719000D13743 /* ViewController.m in Sources */ = {isa = PBXBuildFile; fileRef = 8C7E7EDD193C719000D13743 /* ViewController.m */; };
		8C7E7EE0193C719000D13743 /* Images.xcassets in Resources */ = {isa = PBXBuildFile; fileRef = 8C7E7EDF193C719000D13743 /* Images.xcassets */; };
		8C7E7EE7193C719000D13743 /* XCTest.framework in Frameworks */ = {isa = PBXBuildFile; fileRef = 8C7E7EE6193C719000D13743 /* XCTest.framework */; };
		8C7E7EE8193C719000D13743 /* Foundation.framework in Frameworks */ = {isa = PBXBuildFile; fileRef = 8C7E7EC7193C719000D13743 /* Foundation.framework */; };
		8C7E7EE9193C719000D13743 /* UIKit.framework in Frameworks */ = {isa = PBXBuildFile; fileRef = 8C7E7ECB193C719000D13743 /* UIKit.framework */; };
		8C7E7EF1193C719000D13743 /* InfoPlist.strings in Resources */ = {isa = PBXBuildFile; fileRef = 8C7E7EEF193C719000D13743 /* InfoPlist.strings */; };
		8C7E7EF3193C719000D13743 /* CosineTests.m in Sources */ = {isa = PBXBuildFile; fileRef = 8C7E7EF2193C719000D13743 /* CosineTests.m */; };
/* End PBXBuildFile section */

/* Begin PBXContainerItemProxy section */
		8C7E7EEA193C719000D13743 /* PBXContainerItemProxy */ = {
			isa = PBXContainerItemProxy;
			containerPortal = 8C7E7EBC193C718F00D13743 /* Project object */;
			proxyType = 1;
			remoteGlobalIDString = 8C7E7EC3193C718F00D13743;
			remoteInfo = Cosine;
		};
/* End PBXContainerItemProxy section */

/* Begin PBXFileReference section */
		8C7E7EC4193C719000D13743 /* Cosine.app */ = {isa = PBXFileReference; explicitFileType = wrapper.application; includeInIndex = 0; path = Cosine.app; sourceTree = BUILT_PRODUCTS_DIR; };
		8C7E7EC7193C719000D13743 /* Foundation.framework */ = {isa = PBXFileReference; lastKnownFileType = wrapper.framework; name = Foundation.framework; path = System/Library/Frameworks/Foundation.framework; sourceTree = SDKROOT; };
		8C7E7EC9193C719000D13743 /* CoreGraphics.framework */ = {isa = PBXFileReference; lastKnownFileType = wrapper.framework; name = CoreGraphics.framework; path = System/Library/Frameworks/CoreGraphics.framework; sourceTree = SDKROOT; };
		8C7E7ECB193C719000D13743 /* UIKit.framework */ = {isa = PBXFileReference; lastKnownFileType = wrapper.framework; name = UIKit.framework; path = System/Library/Frameworks/UIKit.framework; sourceTree = SDKROOT; };
		8C7E7ECF193C719000D13743 /* Cosine-Info.plist */ = {isa = PBXFileReference; lastKnownFileType = text.plist.xml; path = "Cosine-Info.plist"; sourceTree = "<group>"; };
		8C7E7ED1193C719000D13743 /* en */ = {isa = PBXFileReference; lastKnownFileType = text.plist.strings; name = en; path = en.lproj/InfoPlist.strings; sourceTree = "<group>"; };
		8C7E7ED3193C719000D13743 /* main.m */ = {isa = PBXFileReference; lastKnownFileType = sourcecode.c.objc; path = main.m; sourceTree = "<group>"; };
		8C7E7ED5193C719000D13743 /* Cosine-Prefix.pch */ = {isa = PBXFileReference; lastKnownFileType = sourcecode.c.h; path = "Cosine-Prefix.pch"; sourceTree = "<group>"; };
		8C7E7ED6193C719000D13743 /* AppDelegate.h */ = {isa = PBXFileReference; lastKnownFileType = sourcecode.c.h; path = AppDelegate.h; sourceTree = "<group>"; };
		8C7E7ED7193C719000D13743 /* AppDelegate.m */ = {isa = PBXFileReference; lastKnownFileType = sourcecode.c.objc; path = AppDelegate.m; sourceTree = "<group>"; };
		8C7E7EDA193C719000D13743 /* Base */ = {isa = PBXFileReference; lastKnownFileType = file.storyboard; name = Base; path = Base.lproj/Main.storyboard; sourceTree = "<group>"; };
		8C7E7EDC193C719000D13743 /* ViewController.h */ = {isa = PBXFileReference; lastKnownFileType = sourcecode.c.h; path = ViewController.h; sourceTree = "<group>"; };
		8C7E7EDD193C719000D13743 /* ViewController.m */ = {isa = PBXFileReference; lastKnownFileType = sourcecode.c.objc; path = ViewController.m; sourceTree = "<group>"; };
		8C7E7EDF193C719000D13743 /* Images.xcassets */ = {isa = PBXFileReference; lastKnownFileType = folder.assetcatalog; path = Images.xcassets; sourceTree = "<group>"; };
		8C7E7EE5193C719000D13743 /* CosineTests.xctest */ = {isa = PBXFileReference; explicitFileType = wrapper.cfbundle; includeInIndex = 0; path = CosineTests.xctest; sourceTree = BUILT_PRODUCTS_DIR; };
		8C7E7EE6193C719000D13743 /* XCTest.framework */ = {isa = PBXFileReference; lastKnownFileType = wrapper.framework; name = XCTest.framework; path = Library/Frameworks/XCTest.framework; sourceTree = DEVELOPER_DIR; };
		8C7E7EEE193C719000D13743 /* CosineTests-Info.plist */ = {isa = PBXFileReference; lastKnownFileType = text.plist.xml; path = "CosineTests-Info.plist"; sourceTree = "<group>"; };
		8C7E7EF0193C719000D13743 /* en */ = {isa = PBXFileReference; lastKnownFileType = text.plist.strings; name = en; path = en.lproj/InfoPlist.strings; sourceTree = "<group>"; };
		8C7E7EF2193C719000D13743 /* CosineTests.m */ = {isa = PBXFileReference; lastKnownFileType = sourcecode.c.objc; path = CosineTests.m; sourceTree = "<group>"; };
/* End PBXFileReference section */

/* Begin PBXFrameworksBuildPhase section */
		8C7E7EC1193C718F00D13743 /* Frameworks */ = {
			isa = PBXFrameworksBuildPhase;
			buildActionMask = 2147483647;
			files = (
				8C7E7ECA193C719000D13743 /* CoreGraphics.framework in Frameworks */,
				8C7E7ECC193C719000D13743 /* UIKit.framework in Frameworks */,
				8C7E7EC8193C719000D13743 /* Foundation.framework in Frameworks */,
			);
			runOnlyForDeploymentPostprocessing = 0;
		};
		8C7E7EE2193C719000D13743 /* Frameworks */ = {
			isa = PBXFrameworksBuildPhase;
			buildActionMask = 2147483647;
			files = (
				8C7E7EE7193C719000D13743 /* XCTest.framework in Frameworks */,
				8C7E7EE9193C719000D13743 /* UIKit.framework in Frameworks */,
				8C7E7EE8193C719000D13743 /* Foundation.framework in Frameworks */,
			);
			runOnlyForDeploymentPostprocessing = 0;
		};
/* End PBXFrameworksBuildPhase section */

/* Begin PBXGroup section */
		8C7E7EBB193C718F00D13743 = {
			isa = PBXGroup;
			children = (
				8C7E7ECD193C719000D13743 /* Cosine */,
				8C7E7EEC193C719000D13743 /* CosineTests */,
				8C7E7EC6193C719000D13743 /* Frameworks */,
				8C7E7EC5193C719000D13743 /* Products */,
			);
			sourceTree = "<group>";
		};
		8C7E7EC5193C719000D13743 /* Products */ = {
			isa = PBXGroup;
			children = (
				8C7E7EC4193C719000D13743 /* Cosine.app */,
				8C7E7EE5193C719000D13743 /* CosineTests.xctest */,
			);
			name = Products;
			sourceTree = "<group>";
		};
		8C7E7EC6193C719000D13743 /* Frameworks */ = {
			isa = PBXGroup;
			children = (
				8C7E7EC7193C719000D13743 /* Foundation.framework */,
				8C7E7EC9193C719000D13743 /* CoreGraphics.framework */,
				8C7E7ECB193C719000D13743 /* UIKit.framework */,
				8C7E7EE6193C719000D13743 /* XCTest.framework */,
			);
			name = Frameworks;
			sourceTree = "<group>";
		};
		8C7E7ECD193C719000D13743 /* Cosine */ = {
			isa = PBXGroup;
			children = (
				8C7E7ED6193C719000D13743 /* AppDelegate.h */,
				8C7E7ED7193C719000D13743 /* AppDelegate.m */,
				8C7E7ED9193C719000D13743 /* Main.storyboard */,
				8C7E7EDC193C719000D13743 /* ViewController.h */,
				8C7E7EDD193C719000D13743 /* ViewController.m */,
				8C7E7EDF193C719000D13743 /* Images.xcassets */,
				8C7E7ECE193C719000D13743 /* Supporting Files */,
			);
			path = Cosine;
			sourceTree = "<group>";
		};
		8C7E7ECE193C719000D13743 /* Supporting Files */ = {
			isa = PBXGroup;
			children = (
				8C7E7ECF193C719000D13743 /* Cosine-Info.plist */,
				8C7E7ED0193C719000D13743 /* InfoPlist.strings */,
				8C7E7ED3193C719000D13743 /* main.m */,
				8C7E7ED5193C719000D13743 /* Cosine-Prefix.pch */,
			);
			name = "Supporting Files";
			sourceTree = "<group>";
		};
		8C7E7EEC193C719000D13743 /* CosineTests */ = {
			isa = PBXGroup;
			children = (
				8C7E7EF2193C719000D13743 /* CosineTests.m */,
				8C7E7EED193C719000D13743 /* Supporting Files */,
			);
			path = CosineTests;
			sourceTree = "<group>";
		};
		8C7E7EED193C719000D13743 /* Supporting Files */ = {
			isa = PBXGroup;
			children = (
				8C7E7EEE193C719000D13743 /* CosineTests-Info.plist */,
				8C7E7EEF193C719000D13743 /* InfoPlist.strings */,
			);
			name = "Supporting Files";
			sourceTree = "<group>";
		};
/* End PBXGroup section */

/* Begin PBXNativeTarget section */
		8C7E7EC3193C718F00D13743 /* Cosine */ = {
			isa = PBXNativeTarget;
			buildConfigurationList = 8C7E7EF6193C719000D13743 /* Build configuration list for PBXNativeTarget "Cosine" */;
			buildPhases = (
				8C7E7EC0193C718F00D13743 /* Sources */,
				8C7E7EC1193C718F00D13743 /* Frameworks */,
				8C7E7EC2193C718F00D13743 /* Resources */,
			);
			buildRules = (
			);
			dependencies = (
			);
			name = Cosine;
			productName = Cosine;
			productReference = 8C7E7EC4193C719000D13743 /* Cosine.app */;
			productType = "com.apple.product-type.application";
		};
		8C7E7EE4193C719000D13743 /* CosineTests */ = {
			isa = PBXNativeTarget;
			buildConfigurationList = 8C7E7EF9193C719000D13743 /* Build configuration list for PBXNativeTarget "CosineTests" */;
			buildPhases = (
				8C7E7EE1193C719000D13743 /* Sources */,
				8C7E7EE2193C719000D13743 /* Frameworks */,
				8C7E7EE3193C719000D13743 /* Resources */,
			);
			buildRules = (
			);
			dependencies = (
				8C7E7EEB193C719000D13743 /* PBXTargetDependency */,
			);
			name = CosineTests;
			productName = CosineTests;
			productReference = 8C7E7EE5193C719000D13743 /* CosineTests.xctest */;
			productType = "com.apple.product-type.bundle.unit-test";
		};
/* End PBXNativeTarget section */

/* Begin PBXProject section */
		8C7E7EBC193C718F00D13743 /* Project object */ = {
			isa = PBXProject;
			attributes = {
				LastUpgradeCheck = 0510;
				ORGANIZATIONNAME = "Jyrki Rajala";
				TargetAttributes = {
					8C7E7EE4193C719000D13743 = {
						TestTargetID = 8C7E7EC3193C718F00D13743;
					};
				};
			};
			buildConfigurationList = 8C7E7EBF193C718F00D13743 /* Build configuration list for PBXProject "Cosine" */;
			compatibilityVersion = "Xcode 3.2";
			developmentRegion = English;
			hasScannedForEncodings = 0;
			knownRegions = (
				en,
				Base,
			);
			mainGroup = 8C7E7EBB193C718F00D13743;
			productRefGroup = 8C7E7EC5193C719000D13743 /* Products */;
			projectDirPath = "";
			projectRoot = "";
			targets = (
				8C7E7EC3193C718F00D13743 /* Cosine */,
				8C7E7EE4193C719000D13743 /* CosineTests */,
			);
		};
/* End PBXProject section */

/* Begin PBXResourcesBuildPhase section */
		8C7E7EC2193C718F00D13743 /* Resources */ = {
			isa = PBXResourcesBuildPhase;
			buildActionMask = 2147483647;
			files = (
				8C7E7EE0193C719000D13743 /* Images.xcassets in Resources */,
				8C7E7ED2193C719000D13743 /* InfoPlist.strings in Resources */,
				8C7E7EDB193C719000D13743 /* Main.storyboard in Resources */,
			);
			runOnlyForDeploymentPostprocessing = 0;
		};
		8C7E7EE3193C719000D13743 /* Resources */ = {
			isa = PBXResourcesBuildPhase;
			buildActionMask = 2147483647;
			files = (
				8C7E7EF1193C719000D13743 /* InfoPlist.strings in Resources */,
			);
			runOnlyForDeploymentPostprocessing = 0;
		};
/* End PBXResourcesBuildPhase section */

/* Begin PBXSourcesBuildPhase section */
		8C7E7EC0193C718F00D13743 /* Sources */ = {
			isa = PBXSourcesBuildPhase;
			buildActionMask = 2147483647;
			files = (
				8C7E7EDE193C719000D13743 /* ViewController.m in Sources */,
				8C7E7ED8193C719000D13743 /* AppDelegate.m in Sources */,
				8C7E7ED4193C719000D13743 /* main.m in Sources */,
			);
			runOnlyForDeploymentPostprocessing = 0;
		};
		8C7E7EE1193C719000D13743 /* Sources */ = {
			isa = PBXSourcesBuildPhase;
			buildActionMask = 2147483647;
			files = (
				8C7E7EF3193C719000D13743 /* CosineTests.m in Sources */,
			);
			runOnlyForDeploymentPostprocessing = 0;
		};
/* End PBXSourcesBuildPhase section */

/* Begin PBXTargetDependency section */
		8C7E7EEB193C719000D13743 /* PBXTargetDependency */ = {
			isa = PBXTargetDependency;
			target = 8C7E7EC3193C718F00D13743 /* Cosine */;
			targetProxy = 8C7E7EEA193C719000D13743 /* PBXContainerItemProxy */;
		};
/* End PBXTargetDependency section */

/* Begin PBXVariantGroup section */
		8C7E7ED0193C719000D13743 /* InfoPlist.strings */ = {
			isa = PBXVariantGroup;
			children = (
				8C7E7ED1193C719000D13743 /* en */,
			);
			name = InfoPlist.strings;
			sourceTree = "<group>";
		};
		8C7E7ED9193C719000D13743 /* Main.storyboard */ = {
			isa = PBXVariantGroup;
			children = (
				8C7E7EDA193C719000D13743 /* Base */,
			);
			name = Main.storyboard;
			sourceTree = "<group>";
		};
		8C7E7EEF193C719000D13743 /* InfoPlist.strings */ = {
			isa = PBXVariantGroup;
			children = (
				8C7E7EF0193C719000D13743 /* en */,
			);
			name = InfoPlist.strings;
			sourceTree = "<group>";
		};
/* End PBXVariantGroup section */

/* Begin XCBuildConfiguration section */
		8C7E7EF4193C719000D13743 /* Debug */ = {
			isa = XCBuildConfiguration;
			buildSettings = {
				ALWAYS_SEARCH_USER_PATHS = NO;
				CLANG_CXX_LANGUAGE_STANDARD = "gnu++0x";
				CLANG_CXX_LIBRARY = "libc++";
				CLANG_ENABLE_MODULES = YES;
				CLANG_ENABLE_OBJC_ARC = YES;
				CLANG_WARN_BOOL_CONVERSION = YES;
				CLANG_WARN_CONSTANT_CONVERSION = YES;
				CLANG_WARN_DIRECT_OBJC_ISA_USAGE = YES_ERROR;
				CLANG_WARN_EMPTY_BODY = YES;
				CLANG_WARN_ENUM_CONVERSION = YES;
				CLANG_WARN_INT_CONVERSION = YES;
				CLANG_WARN_OBJC_ROOT_CLASS = YES_ERROR;
				CLANG_WARN__DUPLICATE_METHOD_MATCH = YES;
				"CODE_SIGN_IDENTITY[sdk=iphoneos*]" = "iPhone Developer";
				COPY_PHASE_STRIP = NO;
				GCC_C_LANGUAGE_STANDARD = gnu99;
				GCC_DYNAMIC_NO_PIC = NO;
				GCC_OPTIMIZATION_LEVEL = 0;
				GCC_PREPROCESSOR_DEFINITIONS = (
					"DEBUG=1",
					"$(inherited)",
				);
				GCC_SYMBOLS_PRIVATE_EXTERN = NO;
				GCC_WARN_64_TO_32_BIT_CONVERSION = YES;
				GCC_WARN_ABOUT_RETURN_TYPE = YES_ERROR;
				GCC_WARN_UNDECLARED_SELECTOR = YES;
				GCC_WARN_UNINITIALIZED_AUTOS = YES_AGGRESSIVE;
				GCC_WARN_UNUSED_FUNCTION = YES;
				GCC_WARN_UNUSED_VARIABLE = YES;
				IPHONEOS_DEPLOYMENT_TARGET = 7.1;
				ONLY_ACTIVE_ARCH = YES;
				SDKROOT = iphoneos;
				TARGETED_DEVICE_FAMILY = 2;
			};
			name = Debug;
		};
		8C7E7EF5193C719000D13743 /* Release */ = {
			isa = XCBuildConfiguration;
			buildSettings = {
				ALWAYS_SEARCH_USER_PATHS = NO;
				CLANG_CXX_LANGUAGE_STANDARD = "gnu++0x";
				CLANG_CXX_LIBRARY = "libc++";
				CLANG_ENABLE_MODULES = YES;
				CLANG_ENABLE_OBJC_ARC = YES;
				CLANG_WARN_BOOL_CONVERSION = YES;
				CLANG_WARN_CONSTANT_CONVERSION = YES;
				CLANG_WARN_DIRECT_OBJC_ISA_USAGE = YES_ERROR;
				CLANG_WARN_EMPTY_BODY = YES;
				CLANG_WARN_ENUM_CONVERSION = YES;
				CLANG_WARN_INT_CONVERSION = YES;
				CLANG_WARN_OBJC_ROOT_CLASS = YES_ERROR;
				CLANG_WARN__DUPLICATE_METHOD_MATCH = YES;
				"CODE_SIGN_IDENTITY[sdk=iphoneos*]" = "iPhone Developer";
				COPY_PHASE_STRIP = YES;
				ENABLE_NS_ASSERTIONS = NO;
				GCC_C_LANGUAGE_STANDARD = gnu99;
				GCC_WARN_64_TO_32_BIT_CONVERSION = YES;
				GCC_WARN_ABOUT_RETURN_TYPE = YES_ERROR;
				GCC_WARN_UNDECLARED_SELECTOR = YES;
				GCC_WARN_UNINITIALIZED_AUTOS = YES_AGGRESSIVE;
				GCC_WARN_UNUSED_FUNCTION = YES;
				GCC_WARN_UNUSED_VARIABLE = YES;
				IPHONEOS_DEPLOYMENT_TARGET = 7.1;
				SDKROOT = iphoneos;
				TARGETED_DEVICE_FAMILY = 2;
				VALIDATE_PRODUCT = YES;
			};
			name = Release;
		};
		8C7E7EF7193C719000D13743 /* Debug */ = {
			isa = XCBuildConfiguration;
			buildSettings = {
				ASSETCATALOG_COMPILER_APPICON_NAME = AppIcon;
				ASSETCATALOG_COMPILER_LAUNCHIMAGE_NAME = LaunchImage;
				GCC_PRECOMPILE_PREFIX_HEADER = YES;
				GCC_PREFIX_HEADER = "Cosine/Cosine-Prefix.pch";
				INFOPLIST_FILE = "Cosine/Cosine-Info.plist";
				PRODUCT_NAME = "$(TARGET_NAME)";
				WRAPPER_EXTENSION = app;
			};
			name = Debug;
		};
		8C7E7EF8193C719000D13743 /* Release */ = {
			isa = XCBuildConfiguration;
			buildSettings = {
				ASSETCATALOG_COMPILER_APPICON_NAME = AppIcon;
				ASSETCATALOG_COMPILER_LAUNCHIMAGE_NAME = LaunchImage;
				GCC_PRECOMPILE_PREFIX_HEADER = YES;
				GCC_PREFIX_HEADER = "Cosine/Cosine-Prefix.pch";
				INFOPLIST_FILE = "Cosine/Cosine-Info.plist";
				PRODUCT_NAME = "$(TARGET_NAME)";
				WRAPPER_EXTENSION = app;
			};
			name = Release;
		};
		8C7E7EFA193C719000D13743 /* Debug */ = {
			isa = XCBuildConfiguration;
			buildSettings = {
				BUNDLE_LOADER = "$(BUILT_PRODUCTS_DIR)/Cosine.app/Cosine";
				FRAMEWORK_SEARCH_PATHS = (
					"$(SDKROOT)/Developer/Library/Frameworks",
					"$(inherited)",
					"$(DEVELOPER_FRAMEWORKS_DIR)",
				);
				GCC_PRECOMPILE_PREFIX_HEADER = YES;
				GCC_PREFIX_HEADER = "Cosine/Cosine-Prefix.pch";
				GCC_PREPROCESSOR_DEFINITIONS = (
					"DEBUG=1",
					"$(inherited)",
				);
				INFOPLIST_FILE = "CosineTests/CosineTests-Info.plist";
				PRODUCT_NAME = "$(TARGET_NAME)";
				TEST_HOST = "$(BUNDLE_LOADER)";
				WRAPPER_EXTENSION = xctest;
			};
			name = Debug;
		};
		8C7E7EFB193C719000D13743 /* Release */ = {
			isa = XCBuildConfiguration;
			buildSettings = {
				BUNDLE_LOADER = "$(BUILT_PRODUCTS_DIR)/Cosine.app/Cosine";
				FRAMEWORK_SEARCH_PATHS = (
					"$(SDKROOT)/Developer/Library/Frameworks",
					"$(inherited)",
					"$(DEVELOPER_FRAMEWORKS_DIR)",
				);
				GCC_PRECOMPILE_PREFIX_HEADER = YES;
				GCC_PREFIX_HEADER = "Cosine/Cosine-Prefix.pch";
				INFOPLIST_FILE = "CosineTests/CosineTests-Info.plist";
				PRODUCT_NAME = "$(TARGET_NAME)";
				TEST_HOST = "$(BUNDLE_LOADER)";
				WRAPPER_EXTENSION = xctest;
			};
			name = Release;
		};
/* End XCBuildConfiguration section */

/* Begin XCConfigurationList section */
		8C7E7EBF193C718F00D13743 /* Build configuration list for PBXProject "Cosine" */ = {
			isa = XCConfigurationList;
			buildConfigurations = (
				8C7E7EF4193C719000D13743 /* Debug */,
				8C7E7EF5193C719000D13743 /* Release */,
			);
			defaultConfigurationIsVisible = 0;
			defaultConfigurationName = Release;
		};
		8C7E7EF6193C719000D13743 /* Build configuration list for PBXNativeTarget "Cosine" */ = {
			isa = XCConfigurationList;
			buildConfigurations = (
				8C7E7EF7193C719000D13743 /* Debug */,
				8C7E7EF8193C719000D13743 /* Release */,
			);
			defaultConfigurationIsVisible = 0;
		};
		8C7E7EF9193C719000D13743 /* Build configuration list for PBXNativeTarget "CosineTests" */ = {
			isa = XCConfigurationList;
			buildConfigurations = (
				8C7E7EFA193C719000D13743 /* Debug */,
				8C7E7EFB193C719000D13743 /* Release */,
			);
			defaultConfigurationIsVisible = 0;
		};
/* End XCConfigurationList section */
	};
	rootObject = 8C7E7EBC193C718F00D13743 /* Project object */;
}
